// !$*UTF8*$!
{
	archiveVersion = 1;
	classes = {
	};
	objectVersion = 46;
	objects = {

/* Begin PBXBuildFile section */
		155ED440AD672A27E895F320 /* Pods_BluMarketWebKit.framework in Frameworks */ = {isa = PBXBuildFile; fileRef = 0A228C65EACB9A5245248762 /* Pods_BluMarketWebKit.framework */; settings = {ATTRIBUTES = (Weak, ); }; };
		9F0132151D1830B000807F00 /* AppDelegate.swift in Sources */ = {isa = PBXBuildFile; fileRef = 9F0132141D1830B000807F00 /* AppDelegate.swift */; };
		9F01321D1D1830B000807F00 /* BluMarketWebKit.xcdatamodeld in Sources */ = {isa = PBXBuildFile; fileRef = 9F01321B1D1830B000807F00 /* BluMarketWebKit.xcdatamodeld */; };
		9F0132221D1830B000807F00 /* LaunchScreen.storyboard in Resources */ = {isa = PBXBuildFile; fileRef = 9F0132201D1830B000807F00 /* LaunchScreen.storyboard */; };
		9F01322D1D1830B000807F00 /* BluMarketWebKitTests.swift in Sources */ = {isa = PBXBuildFile; fileRef = 9F01322C1D1830B000807F00 /* BluMarketWebKitTests.swift */; };
		9F0132381D1830B000807F00 /* BluMarketWebKitUITests.swift in Sources */ = {isa = PBXBuildFile; fileRef = 9F0132371D1830B000807F00 /* BluMarketWebKitUITests.swift */; };
		9F0516701D257040005528E6 /* NotificationCenter.framework in Frameworks */ = {isa = PBXBuildFile; fileRef = 9F05166F1D257040005528E6 /* NotificationCenter.framework */; };
		9F0516731D257040005528E6 /* TodayViewController.swift in Sources */ = {isa = PBXBuildFile; fileRef = 9F0516721D257040005528E6 /* TodayViewController.swift */; };
		9F0516761D257040005528E6 /* MainInterface.storyboard in Resources */ = {isa = PBXBuildFile; fileRef = 9F0516741D257040005528E6 /* MainInterface.storyboard */; };
		9F05167A1D257040005528E6 /* BLUMarketWebWidget.appex in Embed App Extensions */ = {isa = PBXBuildFile; fileRef = 9F05166D1D257040005528E6 /* BLUMarketWebWidget.appex */; settings = {ATTRIBUTES = (RemoveHeadersOnCopy, ); }; };
		9F0516811D25FB8A005528E6 /* TodayViewController.swift in Sources */ = {isa = PBXBuildFile; fileRef = 9F0516721D257040005528E6 /* TodayViewController.swift */; };
		9F0516821D25FEFC005528E6 /* WebViewController.swift in Sources */ = {isa = PBXBuildFile; fileRef = 9F1F68CA1D185113007CCFE8 /* WebViewController.swift */; };
		9F0527161D19869F00F41CA6 /* Main.storyboard in Resources */ = {isa = PBXBuildFile; fileRef = 9F0527151D19869F00F41CA6 /* Main.storyboard */; };
		9F0527181D19894A00F41CA6 /* Assets.xcassets in Resources */ = {isa = PBXBuildFile; fileRef = 9F0527171D19894A00F41CA6 /* Assets.xcassets */; };
		9F05271A1D198E3C00F41CA6 /* app icon.png in Resources */ = {isa = PBXBuildFile; fileRef = 9F0527191D198E3C00F41CA6 /* app icon.png */; };
		9F05271E1D19AD1700F41CA6 /* chaching.wav in Resources */ = {isa = PBXBuildFile; fileRef = 9F05271D1D19AD1700F41CA6 /* chaching.wav */; };
		9F0527211D19B37900F41CA6 /* coins.wav in Resources */ = {isa = PBXBuildFile; fileRef = 9F0527201D19B37900F41CA6 /* coins.wav */; };
		9F0527231D19B38300F41CA6 /* exclamation.wav in Resources */ = {isa = PBXBuildFile; fileRef = 9F0527221D19B38300F41CA6 /* exclamation.wav */; };
		9F05273C1D19D21F00F41CA6 /* Fabric.framework in Frameworks */ = {isa = PBXBuildFile; fileRef = 9F05273A1D19D21F00F41CA6 /* Fabric.framework */; };
		9F05273D1D19D21F00F41CA6 /* Crashlytics.framework in Frameworks */ = {isa = PBXBuildFile; fileRef = 9F05273B1D19D21F00F41CA6 /* Crashlytics.framework */; };
		9F1F68CB1D185113007CCFE8 /* WebViewController.swift in Sources */ = {isa = PBXBuildFile; fileRef = 9F1F68CA1D185113007CCFE8 /* WebViewController.swift */; };
/* End PBXBuildFile section */

/* Begin PBXContainerItemProxy section */
		9F0132291D1830B000807F00 /* PBXContainerItemProxy */ = {
			isa = PBXContainerItemProxy;
			containerPortal = 9F0132091D1830B000807F00 /* Project object */;
			proxyType = 1;
			remoteGlobalIDString = 9F0132101D1830B000807F00;
			remoteInfo = BluMarketWebKit;
		};
		9F0132341D1830B000807F00 /* PBXContainerItemProxy */ = {
			isa = PBXContainerItemProxy;
			containerPortal = 9F0132091D1830B000807F00 /* Project object */;
			proxyType = 1;
			remoteGlobalIDString = 9F0132101D1830B000807F00;
			remoteInfo = BluMarketWebKit;
		};
		9F0516781D257040005528E6 /* PBXContainerItemProxy */ = {
			isa = PBXContainerItemProxy;
			containerPortal = 9F0132091D1830B000807F00 /* Project object */;
			proxyType = 1;
			remoteGlobalIDString = 9F05166C1D257040005528E6;
			remoteInfo = BLUMarketWebWidget;
		};
/* End PBXContainerItemProxy section */

/* Begin PBXCopyFilesBuildPhase section */
		9F05167E1D257040005528E6 /* Embed App Extensions */ = {
			isa = PBXCopyFilesBuildPhase;
			buildActionMask = 2147483647;
			dstPath = "";
			dstSubfolderSpec = 13;
			files = (
				9F05167A1D257040005528E6 /* BLUMarketWebWidget.appex in Embed App Extensions */,
			);
			name = "Embed App Extensions";
			runOnlyForDeploymentPostprocessing = 0;
		};
/* End PBXCopyFilesBuildPhase section */

/* Begin PBXFileReference section */
		0A228C65EACB9A5245248762 /* Pods_BluMarketWebKit.framework */ = {isa = PBXFileReference; explicitFileType = wrapper.framework; includeInIndex = 0; path = Pods_BluMarketWebKit.framework; sourceTree = BUILT_PRODUCTS_DIR; };
		1E77325FC03978B918F4389E /* Pods-BluMarketWebKit.debug.xcconfig */ = {isa = PBXFileReference; includeInIndex = 1; lastKnownFileType = text.xcconfig; name = "Pods-BluMarketWebKit.debug.xcconfig"; path = "Pods/Target Support Files/Pods-BluMarketWebKit/Pods-BluMarketWebKit.debug.xcconfig"; sourceTree = "<group>"; };
		8576C75A504AFA048AF01E6E /* Pods-BluMarketWebKit.release.xcconfig */ = {isa = PBXFileReference; includeInIndex = 1; lastKnownFileType = text.xcconfig; name = "Pods-BluMarketWebKit.release.xcconfig"; path = "Pods/Target Support Files/Pods-BluMarketWebKit/Pods-BluMarketWebKit.release.xcconfig"; sourceTree = "<group>"; };
		9F0132111D1830B000807F00 /* BluMarketWebKit.app */ = {isa = PBXFileReference; explicitFileType = wrapper.application; includeInIndex = 0; path = BluMarketWebKit.app; sourceTree = BUILT_PRODUCTS_DIR; };
		9F0132141D1830B000807F00 /* AppDelegate.swift */ = {isa = PBXFileReference; lastKnownFileType = sourcecode.swift; path = AppDelegate.swift; sourceTree = "<group>"; };
		9F01321C1D1830B000807F00 /* BluMarketWebKit.xcdatamodel */ = {isa = PBXFileReference; lastKnownFileType = wrapper.xcdatamodel; path = BluMarketWebKit.xcdatamodel; sourceTree = "<group>"; };
		9F0132211D1830B000807F00 /* Base */ = {isa = PBXFileReference; lastKnownFileType = file.storyboard; name = Base; path = Base.lproj/LaunchScreen.storyboard; sourceTree = "<group>"; };
		9F0132231D1830B000807F00 /* Info.plist */ = {isa = PBXFileReference; lastKnownFileType = text.plist.xml; path = Info.plist; sourceTree = "<group>"; };
		9F0132281D1830B000807F00 /* BluMarketWebKitTests.xctest */ = {isa = PBXFileReference; explicitFileType = wrapper.cfbundle; includeInIndex = 0; path = BluMarketWebKitTests.xctest; sourceTree = BUILT_PRODUCTS_DIR; };
		9F01322C1D1830B000807F00 /* BluMarketWebKitTests.swift */ = {isa = PBXFileReference; lastKnownFileType = sourcecode.swift; path = BluMarketWebKitTests.swift; sourceTree = "<group>"; };
		9F01322E1D1830B000807F00 /* Info.plist */ = {isa = PBXFileReference; lastKnownFileType = text.plist.xml; path = Info.plist; sourceTree = "<group>"; };
		9F0132331D1830B000807F00 /* BluMarketWebKitUITests.xctest */ = {isa = PBXFileReference; explicitFileType = wrapper.cfbundle; includeInIndex = 0; path = BluMarketWebKitUITests.xctest; sourceTree = BUILT_PRODUCTS_DIR; };
		9F0132371D1830B000807F00 /* BluMarketWebKitUITests.swift */ = {isa = PBXFileReference; lastKnownFileType = sourcecode.swift; path = BluMarketWebKitUITests.swift; sourceTree = "<group>"; };
		9F0132391D1830B000807F00 /* Info.plist */ = {isa = PBXFileReference; lastKnownFileType = text.plist.xml; path = Info.plist; sourceTree = "<group>"; };
		9F05166D1D257040005528E6 /* BLUMarketWebWidget.appex */ = {isa = PBXFileReference; explicitFileType = "wrapper.app-extension"; includeInIndex = 0; path = BLUMarketWebWidget.appex; sourceTree = BUILT_PRODUCTS_DIR; };
		9F05166F1D257040005528E6 /* NotificationCenter.framework */ = {isa = PBXFileReference; lastKnownFileType = wrapper.framework; name = NotificationCenter.framework; path = System/Library/Frameworks/NotificationCenter.framework; sourceTree = SDKROOT; };
		9F0516721D257040005528E6 /* TodayViewController.swift */ = {isa = PBXFileReference; lastKnownFileType = sourcecode.swift; path = TodayViewController.swift; sourceTree = "<group>"; };
		9F0516751D257040005528E6 /* Base */ = {isa = PBXFileReference; lastKnownFileType = file.storyboard; name = Base; path = Base.lproj/MainInterface.storyboard; sourceTree = "<group>"; };
		9F0516771D257040005528E6 /* Info.plist */ = {isa = PBXFileReference; lastKnownFileType = text.plist.xml; path = Info.plist; sourceTree = "<group>"; };
		9F05167F1D25B45C005528E6 /* BluMarketWebKit.entitlements */ = {isa = PBXFileReference; lastKnownFileType = text.xml; path = BluMarketWebKit.entitlements; sourceTree = "<group>"; };
		9F0516801D25B5D8005528E6 /* BLUMarketWebWidget.entitlements */ = {isa = PBXFileReference; lastKnownFileType = text.xml; path = BLUMarketWebWidget.entitlements; sourceTree = "<group>"; };
		9F0527151D19869F00F41CA6 /* Main.storyboard */ = {isa = PBXFileReference; fileEncoding = 4; lastKnownFileType = file.storyboard; path = Main.storyboard; sourceTree = "<group>"; };
		9F0527171D19894A00F41CA6 /* Assets.xcassets */ = {isa = PBXFileReference; lastKnownFileType = folder.assetcatalog; path = Assets.xcassets; sourceTree = "<group>"; };
		9F0527191D198E3C00F41CA6 /* app icon.png */ = {isa = PBXFileReference; lastKnownFileType = image.png; path = "app icon.png"; sourceTree = "<group>"; };
		9F05271D1D19AD1700F41CA6 /* chaching.wav */ = {isa = PBXFileReference; lastKnownFileType = audio.wav; path = chaching.wav; sourceTree = "<group>"; };
		9F0527201D19B37900F41CA6 /* coins.wav */ = {isa = PBXFileReference; lastKnownFileType = audio.wav; path = coins.wav; sourceTree = "<group>"; };
		9F0527221D19B38300F41CA6 /* exclamation.wav */ = {isa = PBXFileReference; lastKnownFileType = audio.wav; path = exclamation.wav; sourceTree = "<group>"; };
		9F05273A1D19D21F00F41CA6 /* Fabric.framework */ = {isa = PBXFileReference; lastKnownFileType = wrapper.framework; path = Fabric.framework; sourceTree = "<group>"; };
		9F05273B1D19D21F00F41CA6 /* Crashlytics.framework */ = {isa = PBXFileReference; lastKnownFileType = wrapper.framework; path = Crashlytics.framework; sourceTree = "<group>"; };
		9F1F68CA1D185113007CCFE8 /* WebViewController.swift */ = {isa = PBXFileReference; fileEncoding = 4; lastKnownFileType = sourcecode.swift; path = WebViewController.swift; sourceTree = "<group>"; };
/* End PBXFileReference section */

/* Begin PBXFrameworksBuildPhase section */
		9F01320E1D1830B000807F00 /* Frameworks */ = {
			isa = PBXFrameworksBuildPhase;
			buildActionMask = 2147483647;
			files = (
				9F05273D1D19D21F00F41CA6 /* Crashlytics.framework in Frameworks */,
				9F05273C1D19D21F00F41CA6 /* Fabric.framework in Frameworks */,
				155ED440AD672A27E895F320 /* Pods_BluMarketWebKit.framework in Frameworks */,
			);
			runOnlyForDeploymentPostprocessing = 0;
		};
		9F0132251D1830B000807F00 /* Frameworks */ = {
			isa = PBXFrameworksBuildPhase;
			buildActionMask = 2147483647;
			files = (
			);
			runOnlyForDeploymentPostprocessing = 0;
		};
		9F0132301D1830B000807F00 /* Frameworks */ = {
			isa = PBXFrameworksBuildPhase;
			buildActionMask = 2147483647;
			files = (
			);
			runOnlyForDeploymentPostprocessing = 0;
		};
		9F05166A1D257040005528E6 /* Frameworks */ = {
			isa = PBXFrameworksBuildPhase;
			buildActionMask = 2147483647;
			files = (
				9F0516701D257040005528E6 /* NotificationCenter.framework in Frameworks */,
			);
			runOnlyForDeploymentPostprocessing = 0;
		};
/* End PBXFrameworksBuildPhase section */

/* Begin PBXGroup section */
		9F0132081D1830B000807F00 = {
			isa = PBXGroup;
			children = (
				9F0132131D1830B000807F00 /* BluMarketWebKit */,
				9F01322B1D1830B000807F00 /* BluMarketWebKitTests */,
				9F0132361D1830B000807F00 /* BluMarketWebKitUITests */,
				9F0516711D257040005528E6 /* BLUMarketWebWidget */,
				9F0516841D260C93005528E6 /* Entitlements */,
				9F05166E1D257040005528E6 /* Frameworks */,
				9F0132121D1830B000807F00 /* Products */,
				E81A8CD0622406C871F4D3C4 /* Pods */,
			);
			sourceTree = "<group>";
		};
		9F0132121D1830B000807F00 /* Products */ = {
			isa = PBXGroup;
			children = (
				9F0132111D1830B000807F00 /* BluMarketWebKit.app */,
				9F0132281D1830B000807F00 /* BluMarketWebKitTests.xctest */,
				9F0132331D1830B000807F00 /* BluMarketWebKitUITests.xctest */,
				9F05166D1D257040005528E6 /* BLUMarketWebWidget.appex */,
			);
			name = Products;
			sourceTree = "<group>";
		};
		9F0132131D1830B000807F00 /* BluMarketWebKit */ = {
			isa = PBXGroup;
			children = (
				9F0132141D1830B000807F00 /* AppDelegate.swift */,
				9F0527401D19E12700F41CA6 /* Controller */,
				9F05273F1D19E11900F41CA6 /* Views */,
				9F0527171D19894A00F41CA6 /* Assets.xcassets */,
				9F0132231D1830B000807F00 /* Info.plist */,
				9F05271F1D19AD2100F41CA6 /* Sounds */,
				9F05273E1D19E10700F41CA6 /* Images */,
				9F0516831D260C75005528E6 /* Entitlements */,
				9F01321B1D1830B000807F00 /* BluMarketWebKit.xcdatamodeld */,
				9F05273A1D19D21F00F41CA6 /* Fabric.framework */,
				9F05273B1D19D21F00F41CA6 /* Crashlytics.framework */,
			);
			path = BluMarketWebKit;
			sourceTree = "<group>";
		};
		9F01322B1D1830B000807F00 /* BluMarketWebKitTests */ = {
			isa = PBXGroup;
			children = (
				9F01322C1D1830B000807F00 /* BluMarketWebKitTests.swift */,
				9F01322E1D1830B000807F00 /* Info.plist */,
			);
			path = BluMarketWebKitTests;
			sourceTree = "<group>";
		};
		9F0132361D1830B000807F00 /* BluMarketWebKitUITests */ = {
			isa = PBXGroup;
			children = (
				9F0132371D1830B000807F00 /* BluMarketWebKitUITests.swift */,
				9F0132391D1830B000807F00 /* Info.plist */,
			);
			path = BluMarketWebKitUITests;
			sourceTree = "<group>";
		};
		9F05166E1D257040005528E6 /* Frameworks */ = {
			isa = PBXGroup;
			children = (
				9F05166F1D257040005528E6 /* NotificationCenter.framework */,
				0A228C65EACB9A5245248762 /* Pods_BluMarketWebKit.framework */,
			);
			name = Frameworks;
			sourceTree = "<group>";
		};
		9F0516711D257040005528E6 /* BLUMarketWebWidget */ = {
			isa = PBXGroup;
			children = (
				9F1D98381D2BF3C50015E4D4 /* WigetController */,
				9F1D98391D2BF3DB0015E4D4 /* WidgetView */,
				9F0516771D257040005528E6 /* Info.plist */,
			);
			path = BLUMarketWebWidget;
			sourceTree = "<group>";
		};
		9F0516831D260C75005528E6 /* Entitlements */ = {
			isa = PBXGroup;
			children = (
				9F05167F1D25B45C005528E6 /* BluMarketWebKit.entitlements */,
			);
			name = Entitlements;
			sourceTree = "<group>";
		};
		9F0516841D260C93005528E6 /* Entitlements */ = {
			isa = PBXGroup;
			children = (
				9F0516801D25B5D8005528E6 /* BLUMarketWebWidget.entitlements */,
			);
			name = Entitlements;
			path = BLUMarketWebWidget;
			sourceTree = "<group>";
		};
		9F05271F1D19AD2100F41CA6 /* Sounds */ = {
			isa = PBXGroup;
			children = (
				9F05271D1D19AD1700F41CA6 /* chaching.wav */,
				9F0527221D19B38300F41CA6 /* exclamation.wav */,
				9F0527201D19B37900F41CA6 /* coins.wav */,
			);
			name = Sounds;
			sourceTree = "<group>";
		};
		9F05273E1D19E10700F41CA6 /* Images */ = {
			isa = PBXGroup;
			children = (
				9F0527191D198E3C00F41CA6 /* app icon.png */,
			);
			name = Images;
			sourceTree = "<group>";
		};
		9F05273F1D19E11900F41CA6 /* Views */ = {
			isa = PBXGroup;
			children = (
				9F0527151D19869F00F41CA6 /* Main.storyboard */,
				9F0132201D1830B000807F00 /* LaunchScreen.storyboard */,
			);
			name = Views;
			sourceTree = "<group>";
		};
		9F0527401D19E12700F41CA6 /* Controller */ = {
			isa = PBXGroup;
			children = (
				9F1F68CA1D185113007CCFE8 /* WebViewController.swift */,
			);
			name = Controller;
			sourceTree = "<group>";
		};
		9F1D98381D2BF3C50015E4D4 /* WigetController */ = {
			isa = PBXGroup;
			children = (
				9F0516721D257040005528E6 /* TodayViewController.swift */,
			);
			name = WigetController;
			sourceTree = "<group>";
		};
		9F1D98391D2BF3DB0015E4D4 /* WidgetView */ = {
			isa = PBXGroup;
			children = (
				9F0516741D257040005528E6 /* MainInterface.storyboard */,
			);
			name = WidgetView;
			sourceTree = "<group>";
		};
		E81A8CD0622406C871F4D3C4 /* Pods */ = {
			isa = PBXGroup;
			children = (
				1E77325FC03978B918F4389E /* Pods-BluMarketWebKit.debug.xcconfig */,
				8576C75A504AFA048AF01E6E /* Pods-BluMarketWebKit.release.xcconfig */,
			);
			name = Pods;
			sourceTree = "<group>";
		};
/* End PBXGroup section */

/* Begin PBXNativeTarget section */
		9F0132101D1830B000807F00 /* BluMarketWebKit */ = {
			isa = PBXNativeTarget;
			buildConfigurationList = 9F01323C1D1830B000807F00 /* Build configuration list for PBXNativeTarget "BluMarketWebKit" */;
			buildPhases = (
				2D39E42419B95C1BF2F31114 /* Check Pods Manifest.lock */,
				9F01320D1D1830B000807F00 /* Sources */,
				9F01320E1D1830B000807F00 /* Frameworks */,
				9F01320F1D1830B000807F00 /* Resources */,
				9F0527391D19D1D200F41CA6 /* ShellScript */,
				9F05167E1D257040005528E6 /* Embed App Extensions */,
				8A9F8BF03B53D54D074F7D81 /* Embed Pods Frameworks */,
				1D5C8DBBB5B1897B63CB6ED8 /* Copy Pods Resources */,
			);
			buildRules = (
			);
			dependencies = (
				9F0516791D257040005528E6 /* PBXTargetDependency */,
			);
			name = BluMarketWebKit;
			productName = BluMarketWebKit;
			productReference = 9F0132111D1830B000807F00 /* BluMarketWebKit.app */;
			productType = "com.apple.product-type.application";
		};
		9F0132271D1830B000807F00 /* BluMarketWebKitTests */ = {
			isa = PBXNativeTarget;
			buildConfigurationList = 9F01323F1D1830B000807F00 /* Build configuration list for PBXNativeTarget "BluMarketWebKitTests" */;
			buildPhases = (
				9F0132241D1830B000807F00 /* Sources */,
				9F0132251D1830B000807F00 /* Frameworks */,
				9F0132261D1830B000807F00 /* Resources */,
			);
			buildRules = (
			);
			dependencies = (
				9F01322A1D1830B000807F00 /* PBXTargetDependency */,
			);
			name = BluMarketWebKitTests;
			productName = BluMarketWebKitTests;
			productReference = 9F0132281D1830B000807F00 /* BluMarketWebKitTests.xctest */;
			productType = "com.apple.product-type.bundle.unit-test";
		};
		9F0132321D1830B000807F00 /* BluMarketWebKitUITests */ = {
			isa = PBXNativeTarget;
			buildConfigurationList = 9F0132421D1830B000807F00 /* Build configuration list for PBXNativeTarget "BluMarketWebKitUITests" */;
			buildPhases = (
				9F01322F1D1830B000807F00 /* Sources */,
				9F0132301D1830B000807F00 /* Frameworks */,
				9F0132311D1830B000807F00 /* Resources */,
			);
			buildRules = (
			);
			dependencies = (
				9F0132351D1830B000807F00 /* PBXTargetDependency */,
			);
			name = BluMarketWebKitUITests;
			productName = BluMarketWebKitUITests;
			productReference = 9F0132331D1830B000807F00 /* BluMarketWebKitUITests.xctest */;
			productType = "com.apple.product-type.bundle.ui-testing";
		};
		9F05166C1D257040005528E6 /* BLUMarketWebWidget */ = {
			isa = PBXNativeTarget;
			buildConfigurationList = 9F05167D1D257040005528E6 /* Build configuration list for PBXNativeTarget "BLUMarketWebWidget" */;
			buildPhases = (
				9F0516691D257040005528E6 /* Sources */,
				9F05166A1D257040005528E6 /* Frameworks */,
				9F05166B1D257040005528E6 /* Resources */,
			);
			buildRules = (
			);
			dependencies = (
			);
			name = BLUMarketWebWidget;
			productName = BLUMarketWebWidget;
			productReference = 9F05166D1D257040005528E6 /* BLUMarketWebWidget.appex */;
			productType = "com.apple.product-type.app-extension";
		};
/* End PBXNativeTarget section */

/* Begin PBXProject section */
		9F0132091D1830B000807F00 /* Project object */ = {
			isa = PBXProject;
			attributes = {
				LastSwiftUpdateCheck = 0730;
				LastUpgradeCheck = 0730;
				ORGANIZATIONNAME = "Thomas Prezioso";
				TargetAttributes = {
					9F0132101D1830B000807F00 = {
						CreatedOnToolsVersion = 7.3.1;
						DevelopmentTeam = 6JBM5ZNF6C;
						LastSwiftMigration = 0800;
						SystemCapabilities = {
							com.apple.ApplicationGroups.iOS = {
								enabled = 1;
							};
							com.apple.Push = {
								enabled = 1;
							};
						};
					};
					9F0132271D1830B000807F00 = {
						CreatedOnToolsVersion = 7.3.1;
						LastSwiftMigration = 0800;
						TestTargetID = 9F0132101D1830B000807F00;
					};
					9F0132321D1830B000807F00 = {
						CreatedOnToolsVersion = 7.3.1;
						LastSwiftMigration = 0800;
						TestTargetID = 9F0132101D1830B000807F00;
					};
					9F05166C1D257040005528E6 = {
						CreatedOnToolsVersion = 7.3.1;
						DevelopmentTeam = 6JBM5ZNF6C;
						SystemCapabilities = {
							com.apple.ApplicationGroups.iOS = {
								enabled = 1;
							};
						};
					};
				};
			};
			buildConfigurationList = 9F01320C1D1830B000807F00 /* Build configuration list for PBXProject "BluMarketWebKit" */;
			compatibilityVersion = "Xcode 3.2";
			developmentRegion = English;
			hasScannedForEncodings = 0;
			knownRegions = (
				en,
				Base,
			);
			mainGroup = 9F0132081D1830B000807F00;
			productRefGroup = 9F0132121D1830B000807F00 /* Products */;
			projectDirPath = "";
			projectRoot = "";
			targets = (
				9F0132101D1830B000807F00 /* BluMarketWebKit */,
				9F0132271D1830B000807F00 /* BluMarketWebKitTests */,
				9F0132321D1830B000807F00 /* BluMarketWebKitUITests */,
				9F05166C1D257040005528E6 /* BLUMarketWebWidget */,
			);
		};
/* End PBXProject section */

/* Begin PBXResourcesBuildPhase section */
		9F01320F1D1830B000807F00 /* Resources */ = {
			isa = PBXResourcesBuildPhase;
			buildActionMask = 2147483647;
			files = (
				9F05271E1D19AD1700F41CA6 /* chaching.wav in Resources */,
				9F0527161D19869F00F41CA6 /* Main.storyboard in Resources */,
				9F05271A1D198E3C00F41CA6 /* app icon.png in Resources */,
				9F0527231D19B38300F41CA6 /* exclamation.wav in Resources */,
				9F0527211D19B37900F41CA6 /* coins.wav in Resources */,
				9F0527181D19894A00F41CA6 /* Assets.xcassets in Resources */,
				9F0132221D1830B000807F00 /* LaunchScreen.storyboard in Resources */,
			);
			runOnlyForDeploymentPostprocessing = 0;
		};
		9F0132261D1830B000807F00 /* Resources */ = {
			isa = PBXResourcesBuildPhase;
			buildActionMask = 2147483647;
			files = (
			);
			runOnlyForDeploymentPostprocessing = 0;
		};
		9F0132311D1830B000807F00 /* Resources */ = {
			isa = PBXResourcesBuildPhase;
			buildActionMask = 2147483647;
			files = (
			);
			runOnlyForDeploymentPostprocessing = 0;
		};
		9F05166B1D257040005528E6 /* Resources */ = {
			isa = PBXResourcesBuildPhase;
			buildActionMask = 2147483647;
			files = (
				9F0516761D257040005528E6 /* MainInterface.storyboard in Resources */,
			);
			runOnlyForDeploymentPostprocessing = 0;
		};
/* End PBXResourcesBuildPhase section */

/* Begin PBXShellScriptBuildPhase section */
		1D5C8DBBB5B1897B63CB6ED8 /* Copy Pods Resources */ = {
			isa = PBXShellScriptBuildPhase;
			buildActionMask = 2147483647;
			files = (
			);
			inputPaths = (
			);
			name = "Copy Pods Resources";
			outputPaths = (
			);
			runOnlyForDeploymentPostprocessing = 0;
			shellPath = /bin/sh;
			shellScript = "\"${SRCROOT}/Pods/Target Support Files/Pods-BluMarketWebKit/Pods-BluMarketWebKit-resources.sh\"\n";
			showEnvVarsInLog = 0;
		};
		2D39E42419B95C1BF2F31114 /* Check Pods Manifest.lock */ = {
			isa = PBXShellScriptBuildPhase;
			buildActionMask = 2147483647;
			files = (
			);
			inputPaths = (
			);
			name = "Check Pods Manifest.lock";
			outputPaths = (
			);
			runOnlyForDeploymentPostprocessing = 0;
			shellPath = /bin/sh;
			shellScript = "diff \"${PODS_ROOT}/../Podfile.lock\" \"${PODS_ROOT}/Manifest.lock\" > /dev/null\nif [[ $? != 0 ]] ; then\n    cat << EOM\nerror: The sandbox is not in sync with the Podfile.lock. Run 'pod install' or update your CocoaPods installation.\nEOM\n    exit 1\nfi\n";
			showEnvVarsInLog = 0;
		};
		8A9F8BF03B53D54D074F7D81 /* Embed Pods Frameworks */ = {
			isa = PBXShellScriptBuildPhase;
			buildActionMask = 2147483647;
			files = (
			);
			inputPaths = (
			);
			name = "Embed Pods Frameworks";
			outputPaths = (
			);
			runOnlyForDeploymentPostprocessing = 0;
			shellPath = /bin/sh;
			shellScript = "\"${SRCROOT}/Pods/Target Support Files/Pods-BluMarketWebKit/Pods-BluMarketWebKit-frameworks.sh\"\n";
			showEnvVarsInLog = 0;
		};
		9F0527391D19D1D200F41CA6 /* ShellScript */ = {
			isa = PBXShellScriptBuildPhase;
			buildActionMask = 2147483647;
			files = (
			);
			inputPaths = (
			);
			outputPaths = (
			);
			runOnlyForDeploymentPostprocessing = 0;
			shellPath = /bin/sh;
			shellScript = "./Fabric.framework/run c97016f037358d99a7456f7ad7869289d41213d7 8ffb32c3ce5a412c11de77e9b0256b36b07c877d9b53811a9402fc7709828723";
		};
/* End PBXShellScriptBuildPhase section */

/* Begin PBXSourcesBuildPhase section */
		9F01320D1D1830B000807F00 /* Sources */ = {
			isa = PBXSourcesBuildPhase;
			buildActionMask = 2147483647;
			files = (
				9F0516811D25FB8A005528E6 /* TodayViewController.swift in Sources */,
				9F0132151D1830B000807F00 /* AppDelegate.swift in Sources */,
				9F1F68CB1D185113007CCFE8 /* WebViewController.swift in Sources */,
				9F01321D1D1830B000807F00 /* BluMarketWebKit.xcdatamodeld in Sources */,
			);
			runOnlyForDeploymentPostprocessing = 0;
		};
		9F0132241D1830B000807F00 /* Sources */ = {
			isa = PBXSourcesBuildPhase;
			buildActionMask = 2147483647;
			files = (
				9F01322D1D1830B000807F00 /* BluMarketWebKitTests.swift in Sources */,
			);
			runOnlyForDeploymentPostprocessing = 0;
		};
		9F01322F1D1830B000807F00 /* Sources */ = {
			isa = PBXSourcesBuildPhase;
			buildActionMask = 2147483647;
			files = (
				9F0132381D1830B000807F00 /* BluMarketWebKitUITests.swift in Sources */,
			);
			runOnlyForDeploymentPostprocessing = 0;
		};
		9F0516691D257040005528E6 /* Sources */ = {
			isa = PBXSourcesBuildPhase;
			buildActionMask = 2147483647;
			files = (
				9F0516731D257040005528E6 /* TodayViewController.swift in Sources */,
				9F0516821D25FEFC005528E6 /* WebViewController.swift in Sources */,
			);
			runOnlyForDeploymentPostprocessing = 0;
		};
/* End PBXSourcesBuildPhase section */

/* Begin PBXTargetDependency section */
		9F01322A1D1830B000807F00 /* PBXTargetDependency */ = {
			isa = PBXTargetDependency;
			target = 9F0132101D1830B000807F00 /* BluMarketWebKit */;
			targetProxy = 9F0132291D1830B000807F00 /* PBXContainerItemProxy */;
		};
		9F0132351D1830B000807F00 /* PBXTargetDependency */ = {
			isa = PBXTargetDependency;
			target = 9F0132101D1830B000807F00 /* BluMarketWebKit */;
			targetProxy = 9F0132341D1830B000807F00 /* PBXContainerItemProxy */;
		};
		9F0516791D257040005528E6 /* PBXTargetDependency */ = {
			isa = PBXTargetDependency;
			target = 9F05166C1D257040005528E6 /* BLUMarketWebWidget */;
			targetProxy = 9F0516781D257040005528E6 /* PBXContainerItemProxy */;
		};
/* End PBXTargetDependency section */

/* Begin PBXVariantGroup section */
		9F0132201D1830B000807F00 /* LaunchScreen.storyboard */ = {
			isa = PBXVariantGroup;
			children = (
				9F0132211D1830B000807F00 /* Base */,
			);
			name = LaunchScreen.storyboard;
			sourceTree = "<group>";
		};
		9F0516741D257040005528E6 /* MainInterface.storyboard */ = {
			isa = PBXVariantGroup;
			children = (
				9F0516751D257040005528E6 /* Base */,
			);
			name = MainInterface.storyboard;
			sourceTree = "<group>";
		};
/* End PBXVariantGroup section */

/* Begin XCBuildConfiguration section */
		9F01323A1D1830B000807F00 /* Debug */ = {
			isa = XCBuildConfiguration;
			buildSettings = {
				ALWAYS_SEARCH_USER_PATHS = NO;
				CLANG_ANALYZER_NONNULL = YES;
				CLANG_CXX_LANGUAGE_STANDARD = "gnu++0x";
				CLANG_CXX_LIBRARY = "libc++";
				CLANG_ENABLE_MODULES = YES;
				CLANG_ENABLE_OBJC_ARC = YES;
				CLANG_WARN_BOOL_CONVERSION = YES;
				CLANG_WARN_CONSTANT_CONVERSION = YES;
				CLANG_WARN_DIRECT_OBJC_ISA_USAGE = YES_ERROR;
				CLANG_WARN_EMPTY_BODY = YES;
				CLANG_WARN_ENUM_CONVERSION = YES;
				CLANG_WARN_INT_CONVERSION = YES;
				CLANG_WARN_OBJC_ROOT_CLASS = YES_ERROR;
				CLANG_WARN_UNREACHABLE_CODE = YES;
				CLANG_WARN__DUPLICATE_METHOD_MATCH = YES;
				"CODE_SIGN_IDENTITY[sdk=iphoneos*]" = "iPhone Developer";
				COPY_PHASE_STRIP = NO;
				DEBUG_INFORMATION_FORMAT = dwarf;
				ENABLE_STRICT_OBJC_MSGSEND = YES;
				ENABLE_TESTABILITY = YES;
				GCC_C_LANGUAGE_STANDARD = gnu99;
				GCC_DYNAMIC_NO_PIC = NO;
				GCC_NO_COMMON_BLOCKS = YES;
				GCC_OPTIMIZATION_LEVEL = 0;
				GCC_PREPROCESSOR_DEFINITIONS = (
					"DEBUG=1",
					"$(inherited)",
				);
				GCC_WARN_64_TO_32_BIT_CONVERSION = YES;
				GCC_WARN_ABOUT_RETURN_TYPE = YES_ERROR;
				GCC_WARN_UNDECLARED_SELECTOR = YES;
				GCC_WARN_UNINITIALIZED_AUTOS = YES_AGGRESSIVE;
				GCC_WARN_UNUSED_FUNCTION = YES;
				GCC_WARN_UNUSED_VARIABLE = YES;
				IPHONEOS_DEPLOYMENT_TARGET = 9.3;
				MTL_ENABLE_DEBUG_INFO = YES;
				ONLY_ACTIVE_ARCH = YES;
				SDKROOT = iphoneos;
				SWIFT_OPTIMIZATION_LEVEL = "-Onone";
			};
			name = Debug;
		};
		9F01323B1D1830B000807F00 /* Release */ = {
			isa = XCBuildConfiguration;
			buildSettings = {
				ALWAYS_SEARCH_USER_PATHS = NO;
				CLANG_ANALYZER_NONNULL = YES;
				CLANG_CXX_LANGUAGE_STANDARD = "gnu++0x";
				CLANG_CXX_LIBRARY = "libc++";
				CLANG_ENABLE_MODULES = YES;
				CLANG_ENABLE_OBJC_ARC = YES;
				CLANG_WARN_BOOL_CONVERSION = YES;
				CLANG_WARN_CONSTANT_CONVERSION = YES;
				CLANG_WARN_DIRECT_OBJC_ISA_USAGE = YES_ERROR;
				CLANG_WARN_EMPTY_BODY = YES;
				CLANG_WARN_ENUM_CONVERSION = YES;
				CLANG_WARN_INT_CONVERSION = YES;
				CLANG_WARN_OBJC_ROOT_CLASS = YES_ERROR;
				CLANG_WARN_UNREACHABLE_CODE = YES;
				CLANG_WARN__DUPLICATE_METHOD_MATCH = YES;
				"CODE_SIGN_IDENTITY[sdk=iphoneos*]" = "iPhone Developer";
				COPY_PHASE_STRIP = NO;
				DEBUG_INFORMATION_FORMAT = "dwarf-with-dsym";
				ENABLE_NS_ASSERTIONS = NO;
				ENABLE_STRICT_OBJC_MSGSEND = YES;
				GCC_C_LANGUAGE_STANDARD = gnu99;
				GCC_NO_COMMON_BLOCKS = YES;
				GCC_WARN_64_TO_32_BIT_CONVERSION = YES;
				GCC_WARN_ABOUT_RETURN_TYPE = YES_ERROR;
				GCC_WARN_UNDECLARED_SELECTOR = YES;
				GCC_WARN_UNINITIALIZED_AUTOS = YES_AGGRESSIVE;
				GCC_WARN_UNUSED_FUNCTION = YES;
				GCC_WARN_UNUSED_VARIABLE = YES;
				IPHONEOS_DEPLOYMENT_TARGET = 9.3;
				MTL_ENABLE_DEBUG_INFO = NO;
				SDKROOT = iphoneos;
				VALIDATE_PRODUCT = YES;
			};
			name = Release;
		};
		9F01323D1D1830B000807F00 /* Debug */ = {
			isa = XCBuildConfiguration;
			baseConfigurationReference = 1E77325FC03978B918F4389E /* Pods-BluMarketWebKit.debug.xcconfig */;
			buildSettings = {
				ASSETCATALOG_COMPILER_APPICON_NAME = AppIcon;
				CLANG_ENABLE_MODULES = YES;
				CODE_SIGN_ENTITLEMENTS = BluMarketWebKit/BluMarketWebKit.entitlements;
				EMBEDDED_CONTENT_CONTAINS_SWIFT = YES;
				FRAMEWORK_SEARCH_PATHS = (
					"$(inherited)",
					"$(PROJECT_DIR)/BluMarketWebKit",
				);
				INFOPLIST_FILE = BluMarketWebKit/Info.plist;
				LD_RUNPATH_SEARCH_PATHS = "$(inherited) @executable_path/Frameworks";
				PRODUCT_BUNDLE_IDENTIFIER = io.tom.BluMarketWebKit;
				PRODUCT_NAME = "$(TARGET_NAME)";
				SWIFT_OBJC_BRIDGING_HEADER = "";
				SWIFT_OPTIMIZATION_LEVEL = "-Onone";
				SWIFT_VERSION = 3.0;
			};
			name = Debug;
		};
		9F01323E1D1830B000807F00 /* Release */ = {
			isa = XCBuildConfiguration;
			baseConfigurationReference = 8576C75A504AFA048AF01E6E /* Pods-BluMarketWebKit.release.xcconfig */;
			buildSettings = {
				ASSETCATALOG_COMPILER_APPICON_NAME = AppIcon;
				CLANG_ENABLE_MODULES = YES;
				CODE_SIGN_ENTITLEMENTS = BluMarketWebKit/BluMarketWebKit.entitlements;
				EMBEDDED_CONTENT_CONTAINS_SWIFT = YES;
				FRAMEWORK_SEARCH_PATHS = (
					"$(inherited)",
					"$(PROJECT_DIR)/BluMarketWebKit",
				);
				INFOPLIST_FILE = BluMarketWebKit/Info.plist;
				LD_RUNPATH_SEARCH_PATHS = "$(inherited) @executable_path/Frameworks";
				PRODUCT_BUNDLE_IDENTIFIER = io.tom.BluMarketWebKit;
				PRODUCT_NAME = "$(TARGET_NAME)";
				SWIFT_OBJC_BRIDGING_HEADER = "";
				SWIFT_VERSION = 3.0;
			};
			name = Release;
		};
		9F0132401D1830B000807F00 /* Debug */ = {
			isa = XCBuildConfiguration;
			buildSettings = {
				BUNDLE_LOADER = "$(TEST_HOST)";
				INFOPLIST_FILE = BluMarketWebKitTests/Info.plist;
				LD_RUNPATH_SEARCH_PATHS = "$(inherited) @executable_path/Frameworks @loader_path/Frameworks";
				PRODUCT_BUNDLE_IDENTIFIER = io.tom.BluMarketWebKitTests;
				PRODUCT_NAME = "$(TARGET_NAME)";
				SWIFT_VERSION = 3.0;
				TEST_HOST = "$(BUILT_PRODUCTS_DIR)/BluMarketWebKit.app/BluMarketWebKit";
			};
			name = Debug;
		};
		9F0132411D1830B000807F00 /* Release */ = {
			isa = XCBuildConfiguration;
			buildSettings = {
				BUNDLE_LOADER = "$(TEST_HOST)";
				INFOPLIST_FILE = BluMarketWebKitTests/Info.plist;
				LD_RUNPATH_SEARCH_PATHS = "$(inherited) @executable_path/Frameworks @loader_path/Frameworks";
				PRODUCT_BUNDLE_IDENTIFIER = io.tom.BluMarketWebKitTests;
				PRODUCT_NAME = "$(TARGET_NAME)";
				SWIFT_VERSION = 3.0;
				TEST_HOST = "$(BUILT_PRODUCTS_DIR)/BluMarketWebKit.app/BluMarketWebKit";
			};
			name = Release;
		};
		9F0132431D1830B000807F00 /* Debug */ = {
			isa = XCBuildConfiguration;
			buildSettings = {
				INFOPLIST_FILE = BluMarketWebKitUITests/Info.plist;
				LD_RUNPATH_SEARCH_PATHS = "$(inherited) @executable_path/Frameworks @loader_path/Frameworks";
				PRODUCT_BUNDLE_IDENTIFIER = io.tom.BluMarketWebKitUITests;
				PRODUCT_NAME = "$(TARGET_NAME)";
				SWIFT_VERSION = 3.0;
				TEST_TARGET_NAME = BluMarketWebKit;
			};
			name = Debug;
		};
		9F0132441D1830B000807F00 /* Release */ = {
			isa = XCBuildConfiguration;
			buildSettings = {
				INFOPLIST_FILE = BluMarketWebKitUITests/Info.plist;
				LD_RUNPATH_SEARCH_PATHS = "$(inherited) @executable_path/Frameworks @loader_path/Frameworks";
				PRODUCT_BUNDLE_IDENTIFIER = io.tom.BluMarketWebKitUITests;
				PRODUCT_NAME = "$(TARGET_NAME)";
				SWIFT_VERSION = 3.0;
				TEST_TARGET_NAME = BluMarketWebKit;
			};
			name = Release;
		};
		9F05167B1D257040005528E6 /* Debug */ = {
			isa = XCBuildConfiguration;
			buildSettings = {
				CODE_SIGN_ENTITLEMENTS = BLUMarketWebWidget/BLUMarketWebWidget.entitlements;
				INFOPLIST_FILE = BLUMarketWebWidget/Info.plist;
				LD_RUNPATH_SEARCH_PATHS = "$(inherited) @executable_path/Frameworks @executable_path/../../Frameworks";
				PRODUCT_BUNDLE_IDENTIFIER = io.tom.BluMarketWebKit.BLUMarketWebWidget;
				PRODUCT_NAME = "$(TARGET_NAME)";
				SKIP_INSTALL = YES;
			};
			name = Debug;
		};
		9F05167C1D257040005528E6 /* Release */ = {
			isa = XCBuildConfiguration;
			buildSettings = {
				CODE_SIGN_ENTITLEMENTS = BLUMarketWebWidget/BLUMarketWebWidget.entitlements;
				INFOPLIST_FILE = BLUMarketWebWidget/Info.plist;
				LD_RUNPATH_SEARCH_PATHS = "$(inherited) @executable_path/Frameworks @executable_path/../../Frameworks";
				PRODUCT_BUNDLE_IDENTIFIER = io.tom.BluMarketWebKit.BLUMarketWebWidget;
				PRODUCT_NAME = "$(TARGET_NAME)";
				SKIP_INSTALL = YES;
			};
			name = Release;
		};
/* End XCBuildConfiguration section */

/* Begin XCConfigurationList section */
		9F01320C1D1830B000807F00 /* Build configuration list for PBXProject "BluMarketWebKit" */ = {
			isa = XCConfigurationList;
			buildConfigurations = (
				9F01323A1D1830B000807F00 /* Debug */,
				9F01323B1D1830B000807F00 /* Release */,
			);
			defaultConfigurationIsVisible = 0;
			defaultConfigurationName = Release;
		};
		9F01323C1D1830B000807F00 /* Build configuration list for PBXNativeTarget "BluMarketWebKit" */ = {
			isa = XCConfigurationList;
			buildConfigurations = (
				9F01323D1D1830B000807F00 /* Debug */,
				9F01323E1D1830B000807F00 /* Release */,
			);
			defaultConfigurationIsVisible = 0;
			defaultConfigurationName = Release;
		};
		9F01323F1D1830B000807F00 /* Build configuration list for PBXNativeTarget "BluMarketWebKitTests" */ = {
			isa = XCConfigurationList;
			buildConfigurations = (
				9F0132401D1830B000807F00 /* Debug */,
				9F0132411D1830B000807F00 /* Release */,
			);
			defaultConfigurationIsVisible = 0;
			defaultConfigurationName = Release;
		};
		9F0132421D1830B000807F00 /* Build configuration list for PBXNativeTarget "BluMarketWebKitUITests" */ = {
			isa = XCConfigurationList;
			buildConfigurations = (
				9F0132431D1830B000807F00 /* Debug */,
				9F0132441D1830B000807F00 /* Release */,
			);
			defaultConfigurationIsVisible = 0;
			defaultConfigurationName = Release;
		};
		9F05167D1D257040005528E6 /* Build configuration list for PBXNativeTarget "BLUMarketWebWidget" */ = {
			isa = XCConfigurationList;
			buildConfigurations = (
				9F05167B1D257040005528E6 /* Debug */,
				9F05167C1D257040005528E6 /* Release */,
			);
			defaultConfigurationIsVisible = 0;
			defaultConfigurationName = Release;
		};
/* End XCConfigurationList section */

/* Begin XCVersionGroup section */
		9F01321B1D1830B000807F00 /* BluMarketWebKit.xcdatamodeld */ = {
			isa = XCVersionGroup;
			children = (
				9F01321C1D1830B000807F00 /* BluMarketWebKit.xcdatamodel */,
			);
			currentVersion = 9F01321C1D1830B000807F00 /* BluMarketWebKit.xcdatamodel */;
			path = BluMarketWebKit.xcdatamodeld;
			sourceTree = "<group>";
			versionGroupType = wrapper.xcdatamodel;
		};
/* End XCVersionGroup section */
	};
	rootObject = 9F0132091D1830B000807F00 /* Project object */;
}
